<Solution>
  <Folder Name="/src/">
    <Project Path="src/Spc.Api/Spc.Api.csproj" />
    <Project Path="src/Spc.Application/Spc.Application.csproj" />
    <Project Path="src/Spc.Client/Spc.Client.csproj" />
    <Project Path="src/Spc.Domain/Spc.Domain.csproj" />
    <Project Path="src/Spc.Infrastructure/Spc.Infrastructure.csproj" />
  </Folder>
  <Folder Name="/tests/">
    <Project Path="tests/Spc.Tests/Spc.Tests.csproj" />
  </Folder>
</Solution>
